
Microsoft Visual Studio Solution File, Format Version 12.00
# Visual Studio Version 17
VisualStudioVersion = 17.5.33516.290
MinimumVisualStudioVersion = 10.0.40219.1
Project("{9A19103F-16F7-4668-BE54-9A1E7A4F7556}") = "DotnetPrompt.HnswLib", "DotnetPrompt.HnswLib\DotnetPrompt.HnswLib.csproj", "{7ABCE37B-6087-4400-840E-08D359BDE0B9}"
EndProject
Project("{9A19103F-16F7-4668-BE54-9A1E7A4F7556}") = "DotnetPrompt.HnswLib.Test", "DotnetPrompt.HnswLib.Test\DotnetPrompt.HnswLib.Test.csproj", "{69B5D83E-F713-445C-8E88-81A43D6C018F}"
EndProject
Global
	GlobalSection(SolutionConfigurationPlatforms) = preSolution
		Debug|Any CPU = Debug|Any CPU
		Release|Any CPU = Release|Any CPU
	EndGlobalSection
	GlobalSection(ProjectConfigurationPlatforms) = postSolution
		{7ABCE37B-6087-4400-840E-08D359BDE0B9}.Debug|Any CPU.ActiveCfg = Debug|Any CPU
		{7ABCE37B-6087-4400-840E-08D359BDE0B9}.Debug|Any CPU.Build.0 = Debug|Any CPU
		{7ABCE37B-6087-4400-840E-08D359BDE0B9}.Release|Any CPU.ActiveCfg = Release|Any CPU
		{7ABCE37B-6087-4400-840E-08D359BDE0B9}.Release|Any CPU.Build.0 = Release|Any CPU
		{69B5D83E-F713-445C-8E88-81A43D6C018F}.Debug|Any CPU.ActiveCfg = Debug|Any CPU
		{69B5D83E-F713-445C-8E88-81A43D6C018F}.Debug|Any CPU.Build.0 = Debug|Any CPU
		{69B5D83E-F713-445C-8E88-81A43D6C018F}.Release|Any CPU.ActiveCfg = Release|Any CPU
		{69B5D83E-F713-445C-8E88-81A43D6C018F}.Release|Any CPU.Build.0 = Release|Any CPU
	EndGlobalSection
	GlobalSection(SolutionProperties) = preSolution
		HideSolutionNode = FALSE
	EndGlobalSection
	GlobalSection(ExtensibilityGlobals) = postSolution
		SolutionGuid = {8DAF31FE-2078-40A3-B474-01F870D85C78}
	EndGlobalSection
EndGlobal
